
Microsoft Visual Studio Solution File, Format Version 12.00
# Visual Studio Version 16
VisualStudioVersion = 16.0.30621.155
MinimumVisualStudioVersion = 10.0.40219.1
Project("{F184B08F-C81C-45F6-A57F-5ABD9991F28F}") = "M3U_to_STRM", "M3U_to_STRM\M3U_to_STRM.vbproj", "{9A695CA6-C0DC-4D79-88C2-1618FFA0DF17}"
EndProject
Global
	GlobalSection(SolutionConfigurationPlatforms) = preSolution
		Debug|Any CPU = Debug|Any CPU
		Release|Any CPU = Release|Any CPU
	EndGlobalSection
	GlobalSection(ProjectConfigurationPlatforms) = postSolution
		{9A695CA6-C0DC-4D79-88C2-1618FFA0DF17}.Debug|Any CPU.ActiveCfg = Debug|Any CPU
		{9A695CA6-C0DC-4D79-88C2-1618FFA0DF17}.Debug|Any CPU.Build.0 = Debug|Any CPU
		{9A695CA6-C0DC-4D79-88C2-1618FFA0DF17}.Release|Any CPU.ActiveCfg = Release|Any CPU
		{9A695CA6-C0DC-4D79-88C2-1618FFA0DF17}.Release|Any CPU.Build.0 = Release|Any CPU
	EndGlobalSection
	GlobalSection(SolutionProperties) = preSolution
		HideSolutionNode = FALSE
	EndGlobalSection
	GlobalSection(ExtensibilityGlobals) = postSolution
		SolutionGuid = {AC92B065-480A-4D05-9F7A-2179B86C0BA8}
	EndGlobalSection
EndGlobal
